{
  "name": "pull-request-dashboard",
  "version": "0.0.0",
  "lockfileVersion": 3,
  "requires": true,
  "packages": {
    "": {
      "name": "pull-request-dashboard",
      "version": "0.0.0",
      "dependencies": {
        "@github/copilot": "1.0.71"
      }
    },
    "node_modules/@github/copilot": {
      "version": "1.0.71",
      "resolved": "https://registry.npmjs.org/@github/copilot/-/copilot-1.0.71.tgz",
      "integrity": "sha512-F3axBi+sXSLYDJbxCBW36bM6MYKNC2rlyAf3Ivo/MjiHKKJW7j5AmaR1IRYS9Gt8r9mxOwWFM1cJFA+CuLaR8g==",
      "license": "SEE LICENSE IN LICENSE.md",
      "dependencies": {
        "detect-libc": "^2.1.2"
      },
      "bin": {
        "copilot": "npm-loader.js"
      },
      "optionalDependencies": {
        "@github/copilot-darwin-arm64": "1.0.71",
        "@github/copilot-darwin-x64": "1.0.71",
        "@github/copilot-linux-arm64": "1.0.71",
        "@github/copilot-linux-x64": "1.0.71",
        "@github/copilot-linuxmusl-arm64": "1.0.71",
        "@github/copilot-linuxmusl-x64": "1.0.71",
        "@github/copilot-win32-arm64": "1.0.71",
        "@github/copilot-win32-x64": "1.0.71"
      }
    },
    "node_modules/@github/copilot-darwin-arm64": {
      "version": "1.0.71",
      "resolved": "https://registry.npmjs.org/@github/copilot-darwin-arm64/-/copilot-darwin-arm64-1.0.71.tgz",
      "integrity": "sha512-mEWzyqbqRAWgyU7i2uuSRoVPx/TwaFQX0nZmw0bc30aJ0BnO7cy2kYQyCHw8ykmf/tfxT0xauZ6k0BOFmWizzQ==",
      "cpu": [
        "arm64"
      ],
      "license": "SEE LICENSE IN LICENSE.md",
      "optional": true,
      "os": [
        "darwin"
      ],
      "bin": {
        "copilot-darwin-arm64": "copilot"
      }
    },
    "node_modules/@github/copilot-darwin-x64": {
      "version": "1.0.71",
      "resolved": "https://registry.npmjs.org/@github/copilot-darwin-x64/-/copilot-darwin-x64-1.0.71.tgz",
      "integrity": "sha512-Md9yEg406OBVBx3w4PeEj62TubulVLBcHleqmCoOoUmPgUxPZotUbrqz3rtbzADbXfrrD7JWvVsbd2UiNL194w==",
      "cpu": [
        "x64"
      ],
      "license": "SEE LICENSE IN LICENSE.md",
      "optional": true,
      "os": [
        "darwin"
      ],
      "bin": {
        "copilot-darwin-x64": "copilot"
      }
    },
    "node_modules/@github/copilot-linux-arm64": {
      "version": "1.0.71",
      "resolved": "https://registry.npmjs.org/@github/copilot-linux-arm64/-/copilot-linux-arm64-1.0.71.tgz",
      "integrity": "sha512-ykLJYOqBj3jRB5IJCDugLClAqbr7DmtTbUjlNY7+Jdq/n6i+d7xUQGclf1IWL5gnxbGQVAf+zkToD+sRM389Kg==",
      "cpu": [
        "arm64"
      ],
      "libc": [
        "glibc"
      ],
      "license": "SEE LICENSE IN LICENSE.md",
      "optional": true,
      "os": [
        "linux"
      ],
      "bin": {
        "copilot-linux-arm64": "copilot"
      }
    },
    "node_modules/@github/copilot-linux-x64": {
      "version": "1.0.71",
      "resolved": "https://registry.npmjs.org/@github/copilot-linux-x64/-/copilot-linux-x64-1.0.71.tgz",
      "integrity": "sha512-pC0FNHG+BBwZd6yZlM85kkAGN+uJhM6o+THi76N2GnnSxmw7+remb1mvYxdgRVbdCm+LBUIbCKRWJLuMwrfb6A==",
      "cpu": [
        "x64"
      ],
      "libc": [
        "glibc"
      ],
      "license": "SEE LICENSE IN LICENSE.md",
      "optional": true,
      "os": [
        "linux"
      ],
      "bin": {
        "copilot-linux-x64": "copilot"
      }
    },
    "node_modules/@github/copilot-linuxmusl-arm64": {
      "version": "1.0.71",
      "resolved": "https://registry.npmjs.org/@github/copilot-linuxmusl-arm64/-/copilot-linuxmusl-arm64-1.0.71.tgz",
      "integrity": "sha512-hBmDljFTjacxqZTasCEy43H8EIzuXB/hHEBBCMFjhB9J00nIxsO6Dh0woTifKpx7knTYZdpTjjca3D0pAoZlUA==",
      "cpu": [
        "arm64"
      ],
      "libc": [
        "musl"
      ],
      "license": "SEE LICENSE IN LICENSE.md",
      "optional": true,
      "os": [
        "linux"
      ],
      "bin": {
        "copilot-linuxmusl-arm64": "copilot"
      }
    },
    "node_modules/@github/copilot-linuxmusl-x64": {
      "version": "1.0.71",
      "resolved": "https://registry.npmjs.org/@github/copilot-linuxmusl-x64/-/copilot-linuxmusl-x64-1.0.71.tgz",
      "integrity": "sha512-CfTXU8pa5dxRz22xQzoi3TiG1PJo9+WR8PRDiPSdkIBSyPJ1NvX87DJmfXjTgeAfR+wkjt/p0keDCaBBVhNmUA==",
      "cpu": [
        "x64"
      ],
      "libc": [
        "musl"
      ],
      "license": "SEE LICENSE IN LICENSE.md",
      "optional": true,
      "os": [
        "linux"
      ],
      "bin": {
        "copilot-linuxmusl-x64": "copilot"
      }
    },
    "node_modules/@github/copilot-win32-arm64": {
      "version": "1.0.71",
      "resolved": "https://registry.npmjs.org/@github/copilot-win32-arm64/-/copilot-win32-arm64-1.0.71.tgz",
      "integrity": "sha512-+HI1DokixXhHUahj06Fw67ZAigBuXKC58BFma4UJOGrQsDgwOSbqeTQHCw6vuymzjKlg3sactfsCUTaefkjscQ==",
      "cpu": [
        "arm64"
      ],
      "license": "SEE LICENSE IN LICENSE.md",
      "optional": true,
      "os": [
        "win32"
      ],
      "bin": {
        "copilot-win32-arm64": "copilot.exe"
      }
    },
    "node_modules/@github/copilot-win32-x64": {
      "version": "1.0.71",
      "resolved": "https://registry.npmjs.org/@github/copilot-win32-x64/-/copilot-win32-x64-1.0.71.tgz",
      "integrity": "sha512-02kXOBd9CwBbCaztuf71WYWn+uGapCuiaasomN4tcMH3HBVZ4gi3J0ZUoRcgcS80xh81uQyeBHbnUKzb/RE/9A==",
      "cpu": [
        "x64"
      ],
      "license": "SEE LICENSE IN LICENSE.md",
      "optional": true,
      "os": [
        "win32"
      ],
      "bin": {
        "copilot-win32-x64": "copilot.exe"
      }
    },
    "node_modules/detect-libc": {
      "version": "2.1.2",
      "resolved": "https://registry.npmjs.org/detect-libc/-/detect-libc-2.1.2.tgz",
      "integrity": "sha512-Btj2BOOO83o3WyH59e8MgXsxEQVcarkUOpEYrubB0urwnN10yQ364rsiByU11nZlqWYZm05i/of7io4mzihBtQ==",
      "license": "Apache-2.0",
      "engines": {
        "node": ">=8"
      }
    }
  }
}
